// !$*UTF8*$!
{
	archiveVersion = 1;
	classes = {
	};
	objectVersion = 48;
	objects = {

/* Begin PBXBuildFile section */
		D0C3FE5B1FF38C57005B0E7B /* main.m in Sources */ = {isa = PBXBuildFile; fileRef = D0C3FE5A1FF38C57005B0E7B /* main.m */; };
		D0C9C17620079387008FADA2 /* Host.m in Sources */ = {isa = PBXBuildFile; fileRef = D0C9C17020079387008FADA2 /* Host.m */; };
		D0C9C17720079388008FADA2 /* Pet.m in Sources */ = {isa = PBXBuildFile; fileRef = D0C9C17220079387008FADA2 /* Pet.m */; };
		D0C9C17820079388008FADA2 /* BTDelegates.m in Sources */ = {isa = PBXBuildFile; fileRef = D0C9C17520079387008FADA2 /* BTDelegates.m */; };
/* End PBXBuildFile section */

/* Begin PBXCopyFilesBuildPhase section */
		D0C3FE551FF38C57005B0E7B /* CopyFiles */ = {
			isa = PBXCopyFilesBuildPhase;
			buildActionMask = 2147483647;
			dstPath = /usr/share/man/man1/;
			dstSubfolderSpec = 0;
			files = (
			);
			runOnlyForDeploymentPostprocessing = 1;
		};
/* End PBXCopyFilesBuildPhase section */

/* Begin PBXFileReference section */
		D0C3FE571FF38C57005B0E7B /* BTDelegates */ = {isa = PBXFileReference; explicitFileType = "compiled.mach-o.executable"; includeInIndex = 0; path = BTDelegates; sourceTree = BUILT_PRODUCTS_DIR; };
		D0C3FE5A1FF38C57005B0E7B /* main.m */ = {isa = PBXFileReference; lastKnownFileType = sourcecode.c.objc; path = main.m; sourceTree = "<group>"; };
		D0C9C16F20079387008FADA2 /* Host.h */ = {isa = PBXFileReference; fileEncoding = 4; lastKnownFileType = sourcecode.c.h; path = Host.h; sourceTree = "<group>"; };
		D0C9C17020079387008FADA2 /* Host.m */ = {isa = PBXFileReference; fileEncoding = 4; lastKnownFileType = sourcecode.c.objc; path = Host.m; sourceTree = "<group>"; };
		D0C9C17120079387008FADA2 /* Pet.h */ = {isa = PBXFileReference; fileEncoding = 4; lastKnownFileType = sourcecode.c.h; path = Pet.h; sourceTree = "<group>"; };
		D0C9C17220079387008FADA2 /* Pet.m */ = {isa = PBXFileReference; fileEncoding = 4; lastKnownFileType = sourcecode.c.objc; path = Pet.m; sourceTree = "<group>"; };
		D0C9C17420079387008FADA2 /* BTDelegates.h */ = {isa = PBXFileReference; fileEncoding = 4; lastKnownFileType = sourcecode.c.h; path = BTDelegates.h; sourceTree = "<group>"; };
		D0C9C17520079387008FADA2 /* BTDelegates.m */ = {isa = PBXFileReference; fileEncoding = 4; lastKnownFileType = sourcecode.c.objc; path = BTDelegates.m; sourceTree = "<group>"; };
/* End PBXFileReference section */

/* Begin PBXFrameworksBuildPhase section */
		D0C3FE541FF38C57005B0E7B /* Frameworks */ = {
			isa = PBXFrameworksBuildPhase;
			buildActionMask = 2147483647;
			files = (
			);
			runOnlyForDeploymentPostprocessing = 0;
		};
/* End PBXFrameworksBuildPhase section */

/* Begin PBXGroup section */
		D0C3FE4E1FF38C57005B0E7B = {
			isa = PBXGroup;
			children = (
				D0C9C17320079387008FADA2 /* BTDelegates */,
				D0C9C16E20079387008FADA2 /* Demo */,
				D0C3FE5A1FF38C57005B0E7B /* main.m */,
				D0C3FE581FF38C57005B0E7B /* Products */,
			);
			sourceTree = "<group>";
		};
		D0C3FE581FF38C57005B0E7B /* Products */ = {
			isa = PBXGroup;
			children = (
				D0C3FE571FF38C57005B0E7B /* BTDelegates */,
			);
			name = Products;
			sourceTree = "<group>";
		};
		D0C9C16E20079387008FADA2 /* Demo */ = {
			isa = PBXGroup;
			children = (
				D0C9C16F20079387008FADA2 /* Host.h */,
				D0C9C17020079387008FADA2 /* Host.m */,
				D0C9C17120079387008FADA2 /* Pet.h */,
				D0C9C17220079387008FADA2 /* Pet.m */,
			);
			path = Demo;
			sourceTree = "<group>";
		};
		D0C9C17320079387008FADA2 /* BTDelegates */ = {
			isa = PBXGroup;
			children = (
				D0C9C17420079387008FADA2 /* BTDelegates.h */,
				D0C9C17520079387008FADA2 /* BTDelegates.m */,
			);
			path = BTDelegates;
			sourceTree = "<group>";
		};
/* End PBXGroup section */

/* Begin PBXNativeTarget section */
		D0C3FE561FF38C57005B0E7B /* BTDelegates */ = {
			isa = PBXNativeTarget;
			buildConfigurationList = D0C3FE5E1FF38C57005B0E7B /* Build configuration list for PBXNativeTarget "BTDelegates" */;
			buildPhases = (
				D0C3FE531FF38C57005B0E7B /* Sources */,
				D0C3FE541FF38C57005B0E7B /* Frameworks */,
				D0C3FE551FF38C57005B0E7B /* CopyFiles */,
			);
			buildRules = (
			);
			dependencies = (
			);
			name = BTDelegates;
			productName = BTDelegates;
			productReference = D0C3FE571FF38C57005B0E7B /* BTDelegates */;
			productType = "com.apple.product-type.tool";
		};
/* End PBXNativeTarget section */

/* Begin PBXProject section */
		D0C3FE4F1FF38C57005B0E7B /* Project object */ = {
			isa = PBXProject;
			attributes = {
				LastUpgradeCheck = 0920;
				ORGANIZATIONNAME = britayin;
				TargetAttributes = {
					D0C3FE561FF38C57005B0E7B = {
						CreatedOnToolsVersion = 9.2;
						ProvisioningStyle = Automatic;
					};
				};
			};
			buildConfigurationList = D0C3FE521FF38C57005B0E7B /* Build configuration list for PBXProject "BTDelegates" */;
			compatibilityVersion = "Xcode 8.0";
			developmentRegion = en;
			hasScannedForEncodings = 0;
			knownRegions = (
				en,
			);
			mainGroup = D0C3FE4E1FF38C57005B0E7B;
			productRefGroup = D0C3FE581FF38C57005B0E7B /* Products */;
			projectDirPath = "";
			projectRoot = "";
			targets = (
				D0C3FE561FF38C57005B0E7B /* BTDelegates */,
			);
		};
/* End PBXProject section */

/* Begin PBXSourcesBuildPhase section */
		D0C3FE531FF38C57005B0E7B /* Sources */ = {
			isa = PBXSourcesBuildPhase;
			buildActionMask = 2147483647;
			files = (
				D0C9C17820079388008FADA2 /* BTDelegates.m in Sources */,
				D0C9C17720079388008FADA2 /* Pet.m in Sources */,
				D0C3FE5B1FF38C57005B0E7B /* main.m in Sources */,
				D0C9C17620079387008FADA2 /* Host.m in Sources */,
			);
			runOnlyForDeploymentPostprocessing = 0;
		};
/* End PBXSourcesBuildPhase section */

/* Begin XCBuildConfiguration section */
		D0C3FE5C1FF38C57005B0E7B /* Debug */ = {
			isa = XCBuildConfiguration;
			buildSettings = {
				ALWAYS_SEARCH_USER_PATHS = NO;
				CLANG_ANALYZER_NONNULL = YES;
				CLANG_ANALYZER_NUMBER_OBJECT_CONVERSION = YES_AGGRESSIVE;
				CLANG_CXX_LANGUAGE_STANDARD = "gnu++14";
				CLANG_CXX_LIBRARY = "libc++";
				CLANG_ENABLE_MODULES = YES;
				CLANG_ENABLE_OBJC_ARC = YES;
				CLANG_WARN_BLOCK_CAPTURE_AUTORELEASING = YES;
				CLANG_WARN_BOOL_CONVERSION = YES;
				CLANG_WARN_COMMA = YES;
				CLANG_WARN_CONSTANT_CONVERSION = YES;
				CLANG_WARN_DIRECT_OBJC_ISA_USAGE = YES_ERROR;
				CLANG_WARN_DOCUMENTATION_COMMENTS = YES;
				CLANG_WARN_EMPTY_BODY = YES;
				CLANG_WARN_ENUM_CONVERSION = YES;
				CLANG_WARN_INFINITE_RECURSION = YES;
				CLANG_WARN_INT_CONVERSION = YES;
				CLANG_WARN_NON_LITERAL_NULL_CONVERSION = YES;
				CLANG_WARN_OBJC_LITERAL_CONVERSION = YES;
				CLANG_WARN_OBJC_ROOT_CLASS = YES_ERROR;
				CLANG_WARN_RANGE_LOOP_ANALYSIS = YES;
				CLANG_WARN_STRICT_PROTOTYPES = YES;
				CLANG_WARN_SUSPICIOUS_MOVE = YES;
				CLANG_WARN_UNGUARDED_AVAILABILITY = YES_AGGRESSIVE;
				CLANG_WARN_UNREACHABLE_CODE = YES;
				CLANG_WARN__DUPLICATE_METHOD_MATCH = YES;
				CODE_SIGN_IDENTITY = "Mac Developer";
				COPY_PHASE_STRIP = NO;
				DEBUG_INFORMATION_FORMAT = dwarf;
				ENABLE_STRICT_OBJC_MSGSEND = YES;
				ENABLE_TESTABILITY = YES;
				GCC_C_LANGUAGE_STANDARD = gnu11;
				GCC_DYNAMIC_NO_PIC = NO;
				GCC_NO_COMMON_BLOCKS = YES;
				GCC_OPTIMIZATION_LEVEL = 0;
				GCC_PREPROCESSOR_DEFINITIONS = (
					"DEBUG=1",
					"$(inherited)",
				);
				GCC_WARN_64_TO_32_BIT_CONVERSION = YES;
				GCC_WARN_ABOUT_RETURN_TYPE = YES_ERROR;
				GCC_WARN_UNDECLARED_SELECTOR = YES;
				GCC_WARN_UNINITIALIZED_AUTOS = YES_AGGRESSIVE;
				GCC_WARN_UNUSED_FUNCTION = YES;
				GCC_WARN_UNUSED_VARIABLE = YES;
				MACOSX_DEPLOYMENT_TARGET = 10.13;
				MTL_ENABLE_DEBUG_INFO = YES;
				ONLY_ACTIVE_ARCH = YES;
				SDKROOT = macosx;
			};
			name = Debug;
		};
		D0C3FE5D1FF38C57005B0E7B /* Release */ = {
			isa = XCBuildConfiguration;
			buildSettings = {
				ALWAYS_SEARCH_USER_PATHS = NO;
				CLANG_ANALYZER_NONNULL = YES;
				CLANG_ANALYZER_NUMBER_OBJECT_CONVERSION = YES_AGGRESSIVE;
				CLANG_CXX_LANGUAGE_STANDARD = "gnu++14";
				CLANG_CXX_LIBRARY = "libc++";
				CLANG_ENABLE_MODULES = YES;
				CLANG_ENABLE_OBJC_ARC = YES;
				CLANG_WARN_BLOCK_CAPTURE_AUTORELEASING = YES;
				CLANG_WARN_BOOL_CONVERSION = YES;
				CLANG_WARN_COMMA = YES;
				CLANG_WARN_CONSTANT_CONVERSION = YES;
				CLANG_WARN_DIRECT_OBJC_ISA_USAGE = YES_ERROR;
				CLANG_WARN_DOCUMENTATION_COMMENTS = YES;
				CLANG_WARN_EMPTY_BODY = YES;
				CLANG_WARN_ENUM_CONVERSION = YES;
				CLANG_WARN_INFINITE_RECURSION = YES;
				CLANG_WARN_INT_CONVERSION = YES;
				CLANG_WARN_NON_LITERAL_NULL_CONVERSION = YES;
				CLANG_WARN_OBJC_LITERAL_CONVERSION = YES;
				CLANG_WARN_OBJC_ROOT_CLASS = YES_ERROR;
				CLANG_WARN_RANGE_LOOP_ANALYSIS = YES;
				CLANG_WARN_STRICT_PROTOTYPES = YES;
				CLANG_WARN_SUSPICIOUS_MOVE = YES;
				CLANG_WARN_UNGUARDED_AVAILABILITY = YES_AGGRESSIVE;
				CLANG_WARN_UNREACHABLE_CODE = YES;
				CLANG_WARN__DUPLICATE_METHOD_MATCH = YES;
				CODE_SIGN_IDENTITY = "Mac Developer";
				COPY_PHASE_STRIP = NO;
				DEBUG_INFORMATION_FORMAT = "dwarf-with-dsym";
				ENABLE_NS_ASSERTIONS = NO;
				ENABLE_STRICT_OBJC_MSGSEND = YES;
				GCC_C_LANGUAGE_STANDARD = gnu11;
				GCC_NO_COMMON_BLOCKS = YES;
				GCC_WARN_64_TO_32_BIT_CONVERSION = YES;
				GCC_WARN_ABOUT_RETURN_TYPE = YES_ERROR;
				GCC_WARN_UNDECLARED_SELECTOR = YES;
				GCC_WARN_UNINITIALIZED_AUTOS = YES_AGGRESSIVE;
				GCC_WARN_UNUSED_FUNCTION = YES;
				GCC_WARN_UNUSED_VARIABLE = YES;
				MACOSX_DEPLOYMENT_TARGET = 10.13;
				MTL_ENABLE_DEBUG_INFO = NO;
				SDKROOT = macosx;
			};
			name = Release;
		};
		D0C3FE5F1FF38C57005B0E7B /* Debug */ = {
			isa = XCBuildConfiguration;
			buildSettings = {
				CODE_SIGN_STYLE = Automatic;
				DEVELOPMENT_TEAM = YS3AYH6C54;
				PRODUCT_NAME = "$(TARGET_NAME)";
			};
			name = Debug;
		};
		D0C3FE601FF38C57005B0E7B /* Release */ = {
			isa = XCBuildConfiguration;
			buildSettings = {
				CODE_SIGN_STYLE = Automatic;
				DEVELOPMENT_TEAM = YS3AYH6C54;
				PRODUCT_NAME = "$(TARGET_NAME)";
			};
			name = Release;
		};
/* End XCBuildConfiguration section */

/* Begin XCConfigurationList section */
		D0C3FE521FF38C57005B0E7B /* Build configuration list for PBXProject "BTDelegates" */ = {
			isa = XCConfigurationList;
			buildConfigurations = (
				D0C3FE5C1FF38C57005B0E7B /* Debug */,
				D0C3FE5D1FF38C57005B0E7B /* Release */,
			);
			defaultConfigurationIsVisible = 0;
			defaultConfigurationName = Release;
		};
		D0C3FE5E1FF38C57005B0E7B /* Build configuration list for PBXNativeTarget "BTDelegates" */ = {
			isa = XCConfigurationList;
			buildConfigurations = (
				D0C3FE5F1FF38C57005B0E7B /* Debug */,
				D0C3FE601FF38C57005B0E7B /* Release */,
			);
			defaultConfigurationIsVisible = 0;
			defaultConfigurationName = Release;
		};
/* End XCConfigurationList section */
	};
	rootObject = D0C3FE4F1FF38C57005B0E7B /* Project object */;
}
